
Microsoft Visual Studio Solution File, Format Version 12.00
# Visual Studio Version 16
VisualStudioVersion = 16.0.31005.135
MinimumVisualStudioVersion = 10.0.40219.1
Project("{FAE04EC0-301F-11D3-BF4B-00C04F79EFBC}") = "Windows", "Windows\Windows.csproj", "{90908016-91A5-44F9-BEFB-3909FEFB164F}"
EndProject
Global
	GlobalSection(SolutionConfigurationPlatforms) = preSolution
		Debug|Any CPU = Debug|Any CPU
		Release|Any CPU = Release|Any CPU
	EndGlobalSection
	GlobalSection(ProjectConfigurationPlatforms) = postSolution
		{90908016-91A5-44F9-BEFB-3909FEFB164F}.Debug|Any CPU.ActiveCfg = Debug|Any CPU
		{90908016-91A5-44F9-BEFB-3909FEFB164F}.Debug|Any CPU.Build.0 = Debug|Any CPU
		{90908016-91A5-44F9-BEFB-3909FEFB164F}.Release|Any CPU.ActiveCfg = Release|Any CPU
		{90908016-91A5-44F9-BEFB-3909FEFB164F}.Release|Any CPU.Build.0 = Release|Any CPU
	EndGlobalSection
	GlobalSection(SolutionProperties) = preSolution
		HideSolutionNode = FALSE
	EndGlobalSection
	GlobalSection(ExtensibilityGlobals) = postSolution
		SolutionGuid = {3AD946D1-8760-42E0-B6EF-25801486DC7A}
	EndGlobalSection
EndGlobal
